// !$*UTF8*$!
{
	archiveVersion = 1;
	classes = {
	};
	objectVersion = 50;
	objects = {

/* Begin PBXBuildFile section */
		D101936D263797A400A510DD /* AppDelegate.swift in Sources */ = {isa = PBXBuildFile; fileRef = D101936C263797A400A510DD /* AppDelegate.swift */; };
		D101936F263797A400A510DD /* SceneDelegate.swift in Sources */ = {isa = PBXBuildFile; fileRef = D101936E263797A400A510DD /* SceneDelegate.swift */; };
		D1019371263797A400A510DD /* ViewController.swift in Sources */ = {isa = PBXBuildFile; fileRef = D1019370263797A400A510DD /* ViewController.swift */; };
		D1019374263797A400A510DD /* Main.storyboard in Resources */ = {isa = PBXBuildFile; fileRef = D1019372263797A400A510DD /* Main.storyboard */; };
		D1019376263797A500A510DD /* Assets.xcassets in Resources */ = {isa = PBXBuildFile; fileRef = D1019375263797A500A510DD /* Assets.xcassets */; };
		D1019379263797A500A510DD /* LaunchScreen.storyboard in Resources */ = {isa = PBXBuildFile; fileRef = D1019377263797A500A510DD /* LaunchScreen.storyboard */; };
		D101938A2637CF8000A510DD /* ImageCar001.png in Resources */ = {isa = PBXBuildFile; fileRef = D10193892637CF8000A510DD /* ImageCar001.png */; };
		D101938D2637CF8D00A510DD /* ImageCar002.png in Resources */ = {isa = PBXBuildFile; fileRef = D101938C2637CF8D00A510DD /* ImageCar002.png */; };
		D10193902637CF9300A510DD /* ImageCar003.png in Resources */ = {isa = PBXBuildFile; fileRef = D101938F2637CF9300A510DD /* ImageCar003.png */; };
		D10193932637CFAB00A510DD /* ImageCar004.png in Resources */ = {isa = PBXBuildFile; fileRef = D10193922637CFAB00A510DD /* ImageCar004.png */; };
		D1DC767F26392CE20075220D /* ResultViewController.swift in Sources */ = {isa = PBXBuildFile; fileRef = D1DC767E26392CE20075220D /* ResultViewController.swift */; };
/* End PBXBuildFile section */

/* Begin PBXFileReference section */
		D1019369263797A400A510DD /* SlideshowApp.app */ = {isa = PBXFileReference; explicitFileType = wrapper.application; includeInIndex = 0; path = SlideshowApp.app; sourceTree = BUILT_PRODUCTS_DIR; };
		D101936C263797A400A510DD /* AppDelegate.swift */ = {isa = PBXFileReference; lastKnownFileType = sourcecode.swift; path = AppDelegate.swift; sourceTree = "<group>"; };
		D101936E263797A400A510DD /* SceneDelegate.swift */ = {isa = PBXFileReference; lastKnownFileType = sourcecode.swift; path = SceneDelegate.swift; sourceTree = "<group>"; };
		D1019370263797A400A510DD /* ViewController.swift */ = {isa = PBXFileReference; lastKnownFileType = sourcecode.swift; path = ViewController.swift; sourceTree = "<group>"; };
		D1019373263797A400A510DD /* Base */ = {isa = PBXFileReference; lastKnownFileType = file.storyboard; name = Base; path = Base.lproj/Main.storyboard; sourceTree = "<group>"; };
		D1019375263797A500A510DD /* Assets.xcassets */ = {isa = PBXFileReference; lastKnownFileType = folder.assetcatalog; path = Assets.xcassets; sourceTree = "<group>"; };
		D1019378263797A500A510DD /* Base */ = {isa = PBXFileReference; lastKnownFileType = file.storyboard; name = Base; path = Base.lproj/LaunchScreen.storyboard; sourceTree = "<group>"; };
		D101937A263797A500A510DD /* Info.plist */ = {isa = PBXFileReference; lastKnownFileType = text.plist.xml; path = Info.plist; sourceTree = "<group>"; };
		D10193892637CF8000A510DD /* ImageCar001.png */ = {isa = PBXFileReference; lastKnownFileType = image.png; path = ImageCar001.png; sourceTree = "<group>"; };
		D101938C2637CF8D00A510DD /* ImageCar002.png */ = {isa = PBXFileReference; lastKnownFileType = image.png; path = ImageCar002.png; sourceTree = "<group>"; };
		D101938F2637CF9300A510DD /* ImageCar003.png */ = {isa = PBXFileReference; lastKnownFileType = image.png; path = ImageCar003.png; sourceTree = "<group>"; };
		D10193922637CFAB00A510DD /* ImageCar004.png */ = {isa = PBXFileReference; lastKnownFileType = image.png; path = ImageCar004.png; sourceTree = "<group>"; };
		D1DC767E26392CE20075220D /* ResultViewController.swift */ = {isa = PBXFileReference; lastKnownFileType = sourcecode.swift; path = ResultViewController.swift; sourceTree = "<group>"; };
/* End PBXFileReference section */

/* Begin PBXFrameworksBuildPhase section */
		D1019366263797A400A510DD /* Frameworks */ = {
			isa = PBXFrameworksBuildPhase;
			buildActionMask = 2147483647;
			files = (
			);
			runOnlyForDeploymentPostprocessing = 0;
		};
/* End PBXFrameworksBuildPhase section */

/* Begin PBXGroup section */
		D1019360263797A400A510DD = {
			isa = PBXGroup;
			children = (
				D101936B263797A400A510DD /* SlideshowApp */,
				D101936A263797A400A510DD /* Products */,
			);
			sourceTree = "<group>";
		};
		D101936A263797A400A510DD /* Products */ = {
			isa = PBXGroup;
			children = (
				D1019369263797A400A510DD /* SlideshowApp.app */,
			);
			name = Products;
			sourceTree = "<group>";
		};
		D101936B263797A400A510DD /* SlideshowApp */ = {
			isa = PBXGroup;
			children = (
				D101936C263797A400A510DD /* AppDelegate.swift */,
				D101936E263797A400A510DD /* SceneDelegate.swift */,
				D1019370263797A400A510DD /* ViewController.swift */,
				D1019372263797A400A510DD /* Main.storyboard */,
				D1DC767E26392CE20075220D /* ResultViewController.swift */,
				D1019375263797A500A510DD /* Assets.xcassets */,
				D1019377263797A500A510DD /* LaunchScreen.storyboard */,
				D101937A263797A500A510DD /* Info.plist */,
				D10193892637CF8000A510DD /* ImageCar001.png */,
				D101938C2637CF8D00A510DD /* ImageCar002.png */,
				D101938F2637CF9300A510DD /* ImageCar003.png */,
				D10193922637CFAB00A510DD /* ImageCar004.png */,
			);
			path = SlideshowApp;
			sourceTree = "<group>";
		};
/* End PBXGroup section */

/* Begin PBXNativeTarget section */
		D1019368263797A400A510DD /* SlideshowApp */ = {
			isa = PBXNativeTarget;
			buildConfigurationList = D101937D263797A500A510DD /* Build configuration list for PBXNativeTarget "SlideshowApp" */;
			buildPhases = (
				D1019365263797A400A510DD /* Sources */,
				D1019366263797A400A510DD /* Frameworks */,
				D1019367263797A400A510DD /* Resources */,
			);
			buildRules = (
			);
			dependencies = (
			);
			name = SlideshowApp;
			productName = SlideshowApp;
			productReference = D1019369263797A400A510DD /* SlideshowApp.app */;
			productType = "com.apple.product-type.application";
		};
/* End PBXNativeTarget section */

/* Begin PBXProject section */
		D1019361263797A400A510DD /* Project object */ = {
			isa = PBXProject;
			attributes = {
				LastSwiftUpdateCheck = 1220;
				LastUpgradeCheck = 1220;
				TargetAttributes = {
					D1019368263797A400A510DD = {
						CreatedOnToolsVersion = 12.2;
					};
				};
			};
			buildConfigurationList = D1019364263797A400A510DD /* Build configuration list for PBXProject "SlideshowApp" */;
			compatibilityVersion = "Xcode 9.3";
			developmentRegion = en;
			hasScannedForEncodings = 0;
			knownRegions = (
				en,
				Base,
			);
			mainGroup = D1019360263797A400A510DD;
			productRefGroup = D101936A263797A400A510DD /* Products */;
			projectDirPath = "";
			projectRoot = "";
			targets = (
				D1019368263797A400A510DD /* SlideshowApp */,
			);
		};
/* End PBXProject section */

/* Begin PBXResourcesBuildPhase section */
		D1019367263797A400A510DD /* Resources */ = {
			isa = PBXResourcesBuildPhase;
			buildActionMask = 2147483647;
			files = (
				D10193932637CFAB00A510DD /* ImageCar004.png in Resources */,
				D101938A2637CF8000A510DD /* ImageCar001.png in Resources */,
				D1019379263797A500A510DD /* LaunchScreen.storyboard in Resources */,
				D1019376263797A500A510DD /* Assets.xcassets in Resources */,
				D1019374263797A400A510DD /* Main.storyboard in Resources */,
				D10193902637CF9300A510DD /* ImageCar003.png in Resources */,
				D101938D2637CF8D00A510DD /* ImageCar002.png in Resources */,
			);
			runOnlyForDeploymentPostprocessing = 0;
		};
/* End PBXResourcesBuildPhase section */

/* Begin PBXSourcesBuildPhase section */
		D1019365263797A400A510DD /* Sources */ = {
			isa = PBXSourcesBuildPhase;
			buildActionMask = 2147483647;
			files = (
				D1019371263797A400A510DD /* ViewController.swift in Sources */,
				D101936D263797A400A510DD /* AppDelegate.swift in Sources */,
				D101936F263797A400A510DD /* SceneDelegate.swift in Sources */,
				D1DC767F26392CE20075220D /* ResultViewController.swift in Sources */,
			);
			runOnlyForDeploymentPostprocessing = 0;
		};
/* End PBXSourcesBuildPhase section */

/* Begin PBXVariantGroup section */
		D1019372263797A400A510DD /* Main.storyboard */ = {
			isa = PBXVariantGroup;
			children = (
				D1019373263797A400A510DD /* Base */,
			);
			name = Main.storyboard;
			sourceTree = "<group>";
		};
		D1019377263797A500A510DD /* LaunchScreen.storyboard */ = {
			isa = PBXVariantGroup;
			children = (
				D1019378263797A500A510DD /* Base */,
			);
			name = LaunchScreen.storyboard;
			sourceTree = "<group>";
		};
/* End PBXVariantGroup section */

/* Begin XCBuildConfiguration section */
		D101937B263797A500A510DD /* Debug */ = {
			isa = XCBuildConfiguration;
			buildSettings = {
				ALWAYS_SEARCH_USER_PATHS = NO;
				CLANG_ANALYZER_NONNULL = YES;
				CLANG_ANALYZER_NUMBER_OBJECT_CONVERSION = YES_AGGRESSIVE;
				CLANG_CXX_LANGUAGE_STANDARD = "gnu++14";
				CLANG_CXX_LIBRARY = "libc++";
				CLANG_ENABLE_MODULES = YES;
				CLANG_ENABLE_OBJC_ARC = YES;
				CLANG_ENABLE_OBJC_WEAK = YES;
				CLANG_WARN_BLOCK_CAPTURE_AUTORELEASING = YES;
				CLANG_WARN_BOOL_CONVERSION = YES;
				CLANG_WARN_COMMA = YES;
				CLANG_WARN_CONSTANT_CONVERSION = YES;
				CLANG_WARN_DEPRECATED_OBJC_IMPLEMENTATIONS = YES;
				CLANG_WARN_DIRECT_OBJC_ISA_USAGE = YES_ERROR;
				CLANG_WARN_DOCUMENTATION_COMMENTS = YES;
				CLANG_WARN_EMPTY_BODY = YES;
				CLANG_WARN_ENUM_CONVERSION = YES;
				CLANG_WARN_INFINITE_RECURSION = YES;
				CLANG_WARN_INT_CONVERSION = YES;
				CLANG_WARN_NON_LITERAL_NULL_CONVERSION = YES;
				CLANG_WARN_OBJC_IMPLICIT_RETAIN_SELF = YES;
				CLANG_WARN_OBJC_LITERAL_CONVERSION = YES;
				CLANG_WARN_OBJC_ROOT_CLASS = YES_ERROR;
				CLANG_WARN_QUOTED_INCLUDE_IN_FRAMEWORK_HEADER = YES;
				CLANG_WARN_RANGE_LOOP_ANALYSIS = YES;
				CLANG_WARN_STRICT_PROTOTYPES = YES;
				CLANG_WARN_SUSPICIOUS_MOVE = YES;
				CLANG_WARN_UNGUARDED_AVAILABILITY = YES_AGGRESSIVE;
				CLANG_WARN_UNREACHABLE_CODE = YES;
				CLANG_WARN__DUPLICATE_METHOD_MATCH = YES;
				COPY_PHASE_STRIP = NO;
				DEBUG_INFORMATION_FORMAT = dwarf;
				ENABLE_STRICT_OBJC_MSGSEND = YES;
				ENABLE_TESTABILITY = YES;
				GCC_C_LANGUAGE_STANDARD = gnu11;
				GCC_DYNAMIC_NO_PIC = NO;
				GCC_NO_COMMON_BLOCKS = YES;
				GCC_OPTIMIZATION_LEVEL = 0;
				GCC_PREPROCESSOR_DEFINITIONS = (
					"DEBUG=1",
					"$(inherited)",
				);
				GCC_WARN_64_TO_32_BIT_CONVERSION = YES;
				GCC_WARN_ABOUT_RETURN_TYPE = YES_ERROR;
				GCC_WARN_UNDECLARED_SELECTOR = YES;
				GCC_WARN_UNINITIALIZED_AUTOS = YES_AGGRESSIVE;
				GCC_WARN_UNUSED_FUNCTION = YES;
				GCC_WARN_UNUSED_VARIABLE = YES;
				IPHONEOS_DEPLOYMENT_TARGET = 14.2;
				MTL_ENABLE_DEBUG_INFO = INCLUDE_SOURCE;
				MTL_FAST_MATH = YES;
				ONLY_ACTIVE_ARCH = YES;
				SDKROOT = iphoneos;
				SWIFT_ACTIVE_COMPILATION_CONDITIONS = DEBUG;
				SWIFT_OPTIMIZATION_LEVEL = "-Onone";
			};
			name = Debug;
		};
		D101937C263797A500A510DD /* Release */ = {
			isa = XCBuildConfiguration;
			buildSettings = {
				ALWAYS_SEARCH_USER_PATHS = NO;
				CLANG_ANALYZER_NONNULL = YES;
				CLANG_ANALYZER_NUMBER_OBJECT_CONVERSION = YES_AGGRESSIVE;
				CLANG_CXX_LANGUAGE_STANDARD = "gnu++14";
				CLANG_CXX_LIBRARY = "libc++";
				CLANG_ENABLE_MODULES = YES;
				CLANG_ENABLE_OBJC_ARC = YES;
				CLANG_ENABLE_OBJC_WEAK = YES;
				CLANG_WARN_BLOCK_CAPTURE_AUTORELEASING = YES;
				CLANG_WARN_BOOL_CONVERSION = YES;
				CLANG_WARN_COMMA = YES;
				CLANG_WARN_CONSTANT_CONVERSION = YES;
				CLANG_WARN_DEPRECATED_OBJC_IMPLEMENTATIONS = YES;
				CLANG_WARN_DIRECT_OBJC_ISA_USAGE = YES_ERROR;
				CLANG_WARN_DOCUMENTATION_COMMENTS = YES;
				CLANG_WARN_EMPTY_BODY = YES;
				CLANG_WARN_ENUM_CONVERSION = YES;
				CLANG_WARN_INFINITE_RECURSION = YES;
				CLANG_WARN_INT_CONVERSION = YES;
				CLANG_WARN_NON_LITERAL_NULL_CONVERSION = YES;
				CLANG_WARN_OBJC_IMPLICIT_RETAIN_SELF = YES;
				CLANG_WARN_OBJC_LITERAL_CONVERSION = YES;
				CLANG_WARN_OBJC_ROOT_CLASS = YES_ERROR;
				CLANG_WARN_QUOTED_INCLUDE_IN_FRAMEWORK_HEADER = YES;
				CLANG_WARN_RANGE_LOOP_ANALYSIS = YES;
				CLANG_WARN_STRICT_PROTOTYPES = YES;
				CLANG_WARN_SUSPICIOUS_MOVE = YES;
				CLANG_WARN_UNGUARDED_AVAILABILITY = YES_AGGRESSIVE;
				CLANG_WARN_UNREACHABLE_CODE = YES;
				CLANG_WARN__DUPLICATE_METHOD_MATCH = YES;
				COPY_PHASE_STRIP = NO;
				DEBUG_INFORMATION_FORMAT = "dwarf-with-dsym";
				ENABLE_NS_ASSERTIONS = NO;
				ENABLE_STRICT_OBJC_MSGSEND = YES;
				GCC_C_LANGUAGE_STANDARD = gnu11;
				GCC_NO_COMMON_BLOCKS = YES;
				GCC_WARN_64_TO_32_BIT_CONVERSION = YES;
				GCC_WARN_ABOUT_RETURN_TYPE = YES_ERROR;
				GCC_WARN_UNDECLARED_SELECTOR = YES;
				GCC_WARN_UNINITIALIZED_AUTOS = YES_AGGRESSIVE;
				GCC_WARN_UNUSED_FUNCTION = YES;
				GCC_WARN_UNUSED_VARIABLE = YES;
				IPHONEOS_DEPLOYMENT_TARGET = 14.2;
				MTL_ENABLE_DEBUG_INFO = NO;
				MTL_FAST_MATH = YES;
				SDKROOT = iphoneos;
				SWIFT_COMPILATION_MODE = wholemodule;
				SWIFT_OPTIMIZATION_LEVEL = "-O";
				VALIDATE_PRODUCT = YES;
			};
			name = Release;
		};
		D101937E263797A500A510DD /* Debug */ = {
			isa = XCBuildConfiguration;
			buildSettings = {
				ASSETCATALOG_COMPILER_APPICON_NAME = AppIcon;
				ASSETCATALOG_COMPILER_GLOBAL_ACCENT_COLOR_NAME = AccentColor;
				CODE_SIGN_STYLE = Automatic;
				DEVELOPMENT_TEAM = XGR34HUS3G;
				INFOPLIST_FILE = SlideshowApp/Info.plist;
				LD_RUNPATH_SEARCH_PATHS = (
					"$(inherited)",
					"@executable_path/Frameworks",
				);
				PRODUCT_BUNDLE_IDENTIFIER = jp.techacademy.kenichi.shiratsuchi.SlideshowApp;
				PRODUCT_NAME = "$(TARGET_NAME)";
				SWIFT_VERSION = 5.0;
				TARGETED_DEVICE_FAMILY = "1,2";
			};
			name = Debug;
		};
		D101937F263797A500A510DD /* Release */ = {
			isa = XCBuildConfiguration;
			buildSettings = {
				ASSETCATALOG_COMPILER_APPICON_NAME = AppIcon;
				ASSETCATALOG_COMPILER_GLOBAL_ACCENT_COLOR_NAME = AccentColor;
				CODE_SIGN_STYLE = Automatic;
				DEVELOPMENT_TEAM = XGR34HUS3G;
				INFOPLIST_FILE = SlideshowApp/Info.plist;
				LD_RUNPATH_SEARCH_PATHS = (
					"$(inherited)",
					"@executable_path/Frameworks",
				);
				PRODUCT_BUNDLE_IDENTIFIER = jp.techacademy.kenichi.shiratsuchi.SlideshowApp;
				PRODUCT_NAME = "$(TARGET_NAME)";
				SWIFT_VERSION = 5.0;
				TARGETED_DEVICE_FAMILY = "1,2";
			};
			name = Release;
		};
/* End XCBuildConfiguration section */

/* Begin XCConfigurationList section */
		D1019364263797A400A510DD /* Build configuration list for PBXProject "SlideshowApp" */ = {
			isa = XCConfigurationList;
			buildConfigurations = (
				D101937B263797A500A510DD /* Debug */,
				D101937C263797A500A510DD /* Release */,
			);
			defaultConfigurationIsVisible = 0;
			defaultConfigurationName = Release;
		};
		D101937D263797A500A510DD /* Build configuration list for PBXNativeTarget "SlideshowApp" */ = {
			isa = XCConfigurationList;
			buildConfigurations = (
				D101937E263797A500A510DD /* Debug */,
				D101937F263797A500A510DD /* Release */,
			);
			defaultConfigurationIsVisible = 0;
			defaultConfigurationName = Release;
		};
/* End XCConfigurationList section */
	};
	rootObject = D1019361263797A400A510DD /* Project object */;
}
